
Microsoft Visual Studio Solution File, Format Version 12.00
# Visual Studio Version 16
VisualStudioVersion = 16.0.32630.194
MinimumVisualStudioVersion = 10.0.40219.1
Project("{8BC9CEB8-8B4A-11D0-8D11-00A0C91BC942}") = "Arduino_win", "Arduino\Arduino.vcxproj", "{ACCC5F70-1D75-4863-B2B1-541AEFE38823}"
EndProject
Project("{8BC9CEB8-8B4A-11D0-8D11-00A0C91BC942}") = "Arduino_linux", "Arduino_linux\Arduino_linux.vcxproj", "{02CBC71B-D388-4C6C-9E5E-0BC3B610F05A}"
EndProject
Global
	GlobalSection(SolutionConfigurationPlatforms) = preSolution
		Debug|x64 = Debug|x64
		Debug|x86 = Debug|x86
		Release|x64 = Release|x64
		Release|x86 = Release|x86
	EndGlobalSection
	GlobalSection(ProjectConfigurationPlatforms) = postSolution
		{ACCC5F70-1D75-4863-B2B1-541AEFE38823}.Debug|x64.ActiveCfg = Debug|x64
		{ACCC5F70-1D75-4863-B2B1-541AEFE38823}.Debug|x64.Build.0 = Debug|x64
		{ACCC5F70-1D75-4863-B2B1-541AEFE38823}.Debug|x86.ActiveCfg = Debug|Win32
		{ACCC5F70-1D75-4863-B2B1-541AEFE38823}.Debug|x86.Build.0 = Debug|Win32
		{ACCC5F70-1D75-4863-B2B1-541AEFE38823}.Release|x64.ActiveCfg = Release|x64
		{ACCC5F70-1D75-4863-B2B1-541AEFE38823}.Release|x64.Build.0 = Release|x64
		{ACCC5F70-1D75-4863-B2B1-541AEFE38823}.Release|x86.ActiveCfg = Release|Win32
		{ACCC5F70-1D75-4863-B2B1-541AEFE38823}.Release|x86.Build.0 = Release|Win32
		{02CBC71B-D388-4C6C-9E5E-0BC3B610F05A}.Debug|x64.ActiveCfg = Debug|x64
		{02CBC71B-D388-4C6C-9E5E-0BC3B610F05A}.Debug|x64.Build.0 = Debug|x64
		{02CBC71B-D388-4C6C-9E5E-0BC3B610F05A}.Debug|x86.ActiveCfg = Debug|Win32
		{02CBC71B-D388-4C6C-9E5E-0BC3B610F05A}.Debug|x86.Build.0 = Debug|Win32
		{02CBC71B-D388-4C6C-9E5E-0BC3B610F05A}.Release|x64.ActiveCfg = Release|x64
		{02CBC71B-D388-4C6C-9E5E-0BC3B610F05A}.Release|x64.Build.0 = Release|x64
		{02CBC71B-D388-4C6C-9E5E-0BC3B610F05A}.Release|x86.ActiveCfg = Release|Win32
		{02CBC71B-D388-4C6C-9E5E-0BC3B610F05A}.Release|x86.Build.0 = Release|Win32
	EndGlobalSection
	GlobalSection(SolutionProperties) = preSolution
		HideSolutionNode = FALSE
	EndGlobalSection
	GlobalSection(ExtensibilityGlobals) = postSolution
		SolutionGuid = {3010C95C-5F9C-44CA-AD11-B81548E72B31}
	EndGlobalSection
EndGlobal
